
Microsoft Visual Studio Solution File, Format Version 12.00
# Visual Studio Version 17
VisualStudioVersion = 17.7.34202.233
MinimumVisualStudioVersion = 10.0.40219.1
Project("{9A19103F-16F7-4668-BE54-9A1E7A4F7556}") = "NTUCClub", "NTUCClub.csproj", "{2D09C30B-2F51-4660-A29F-1C21A1F7DA6B}"
EndProject
Global
	GlobalSection(SolutionConfigurationPlatforms) = preSolution
		Debug|Any CPU = Debug|Any CPU
		Release|Any CPU = Release|Any CPU
	EndGlobalSection
	GlobalSection(ProjectConfigurationPlatforms) = postSolution
		{2D09C30B-2F51-4660-A29F-1C21A1F7DA6B}.Debug|Any CPU.ActiveCfg = Debug|Any CPU
		{2D09C30B-2F51-4660-A29F-1C21A1F7DA6B}.Debug|Any CPU.Build.0 = Debug|Any CPU
		{2D09C30B-2F51-4660-A29F-1C21A1F7DA6B}.Release|Any CPU.ActiveCfg = Release|Any CPU
		{2D09C30B-2F51-4660-A29F-1C21A1F7DA6B}.Release|Any CPU.Build.0 = Release|Any CPU
	EndGlobalSection
	GlobalSection(SolutionProperties) = preSolution
		HideSolutionNode = FALSE
	EndGlobalSection
	GlobalSection(ExtensibilityGlobals) = postSolution
		SolutionGuid = {5465D868-48C3-488A-9D39-7938F837B67F}
	EndGlobalSection
EndGlobal
